PODMAN_COMPOSE_PROVIDER=podman-compose
PODMAN_COMPOSE_VERSION=1.6.0
CADDY_VERSION=2.10.2
CADDY_IMAGE=docker.io/library/caddy:2.10.2-alpine@sha256:4c6e91c6ed0e2fa03efd5b44747b625fec79bc9cd06ac5235a779726618e530d
SEARXNG_VERSION=2026.9.20-2e624bed4
SEARXNG_IMAGE=docker.io/searxng/searxng:2026.9.20-2e624bed4@sha256:76f9ec5b3832921c8734c06c34248c9538d94a6cae0cf5e579fa5b41c8479789
POSTGRES_IMAGE=docker.io/pgvector/pgvector@sha256:1d50c689b0a6511b9ea0a15615281c81a59fd04a08eb35057ec8646fb3a2118a
PYTHON_BUILD_BASE=docker.io/library/python:3.13.7-slim@sha256:5f55cdf0c5d9dc1a415637a5ccc4a9e18663ad203673173b8cda8f8dcacef689
